// !$*UTF8*$!
{
	archiveVersion = 1;
	classes = {
	};
	objectVersion = 54;
	objects = {

/* Begin PBXBuildFile section */
		058557BB273AAA24004C7B11 /* Assets.xcassets in Resources */ = {isa = PBXBuildFile; fileRef = 058557BA273AAA24004C7B11 /* Assets.xcassets */; };
		058557D9273AAEEB004C7B11 /* Preview Assets.xcassets in Resources */ = {isa = PBXBuildFile; fileRef = 058557D8273AAEEB004C7B11 /* Preview Assets.xcassets */; };
		2152FB042600AC8F00CF470E /* iOSApp.swift in Sources */ = {isa = PBXBuildFile; fileRef = 2152FB032600AC8F00CF470E /* iOSApp.swift */; };
		5FFE9C688359D4CAE5A54C3B /* Pods_iosApp.framework in Frameworks */ = {isa = PBXBuildFile; fileRef = 41F640FE8EE6B1A87DA0C193 /* Pods_iosApp.framework */; };
		7555FF83242A565900829871 /* ContentView.swift in Sources */ = {isa = PBXBuildFile; fileRef = 7555FF82242A565900829871 /* ContentView.swift */; };
		D62456822C733A130036D676 /* Levels.swift in Sources */ = {isa = PBXBuildFile; fileRef = D62456812C733A130036D676 /* Levels.swift */; };
		D62456842C733AF20036D676 /* LevelCard.swift in Sources */ = {isa = PBXBuildFile; fileRef = D62456832C733AF20036D676 /* LevelCard.swift */; };
		D63C45622C8230530038856A /* Tutorial.swift in Sources */ = {isa = PBXBuildFile; fileRef = D63C45612C8230530038856A /* Tutorial.swift */; };
		D640DBF72C75349A008A41AF /* CButton.swift in Sources */ = {isa = PBXBuildFile; fileRef = D640DBF62C75349A008A41AF /* CButton.swift */; };
		D64548BD2C73C1FC003A93F7 /* Localizable.xcstrings in Resources */ = {isa = PBXBuildFile; fileRef = D64548BC2C73C1FC003A93F7 /* Localizable.xcstrings */; };
		D646D62B2CCAB2DC00D39369 /* GameDoneMoreLives.swift in Sources */ = {isa = PBXBuildFile; fileRef = D646D62A2CCAB2DC00D39369 /* GameDoneMoreLives.swift */; };
		D64711362C784D560012BC9C /* CLogo.swift in Sources */ = {isa = PBXBuildFile; fileRef = D64711352C784D560012BC9C /* CLogo.swift */; };
		D64711382C784DBB0012BC9C /* CLoader.swift in Sources */ = {isa = PBXBuildFile; fileRef = D64711372C784DBB0012BC9C /* CLoader.swift */; };
		D64C34DB2C7341740093603A /* RippleButton.swift in Sources */ = {isa = PBXBuildFile; fileRef = D64C34DA2C7341740093603A /* RippleButton.swift */; };
		D64F969B2C049A070033BA2F /* CIcon.swift in Sources */ = {isa = PBXBuildFile; fileRef = D64F969A2C049A070033BA2F /* CIcon.swift */; };
		D65667CC2C7DAF3400BD2F1C /* AppbarLives.swift in Sources */ = {isa = PBXBuildFile; fileRef = D65667CB2C7DAF3400BD2F1C /* AppbarLives.swift */; };
		D659A72B2C779DB5000B6818 /* LevelFloatingButton.swift in Sources */ = {isa = PBXBuildFile; fileRef = D659A72A2C779DB5000B6818 /* LevelFloatingButton.swift */; };
		D659A72D2C77A02F000B6818 /* LevelsState.swift in Sources */ = {isa = PBXBuildFile; fileRef = D659A72C2C77A02F000B6818 /* LevelsState.swift */; };
		D659A72F2C77A1AA000B6818 /* LevelsViewModel.swift in Sources */ = {isa = PBXBuildFile; fileRef = D659A72E2C77A1A9000B6818 /* LevelsViewModel.swift */; };
		D65BC7E82CB6A982005E709F /* WordCard.swift in Sources */ = {isa = PBXBuildFile; fileRef = D65BC7E72CB6A982005E709F /* WordCard.swift */; };
		D65BC7EA2CB6AB25005E709F /* GameCardsContracts.swift in Sources */ = {isa = PBXBuildFile; fileRef = D65BC7E92CB6AB25005E709F /* GameCardsContracts.swift */; };
		D65BC7EC2CB6C6E7005E709F /* GuessedCard.swift in Sources */ = {isa = PBXBuildFile; fileRef = D65BC7EB2CB6C6E7005E709F /* GuessedCard.swift */; };
		D65BC7EE2CB6CDE2005E709F /* CTryChip.swift in Sources */ = {isa = PBXBuildFile; fileRef = D65BC7ED2CB6CDE2005E709F /* CTryChip.swift */; };
		D665E3992C00C38B0027F4D8 /* CeraRoundProBold.otf in Resources */ = {isa = PBXBuildFile; fileRef = D665E3962C00C38B0027F4D8 /* CeraRoundProBold.otf */; };
		D665E39A2C00C38B0027F4D8 /* CeraRoundProMedium.otf in Resources */ = {isa = PBXBuildFile; fileRef = D665E3972C00C38B0027F4D8 /* CeraRoundProMedium.otf */; };
		D665E39B2C00C38B0027F4D8 /* CeraRoundProRegular.otf in Resources */ = {isa = PBXBuildFile; fileRef = D665E3982C00C38B0027F4D8 /* CeraRoundProRegular.otf */; };
		D668582D2C7A196F00A27F27 /* LevelsGrid.swift in Sources */ = {isa = PBXBuildFile; fileRef = D668582C2C7A196F00A27F27 /* LevelsGrid.swift */; };
		D67432AA2CB91EF900C3668A /* GameTitle.swift in Sources */ = {isa = PBXBuildFile; fileRef = D67432A92CB91EF900C3668A /* GameTitle.swift */; };
		D68A303E2CCA331D0027D40E /* GameViewState.swift in Sources */ = {isa = PBXBuildFile; fileRef = D68A303D2CCA331D0027D40E /* GameViewState.swift */; };
		D68A30402CCA33400027D40E /* GameViewEvents.swift in Sources */ = {isa = PBXBuildFile; fileRef = D68A303F2CCA33400027D40E /* GameViewEvents.swift */; };
		D68FD6682CB7D0AA00CD508D /* GameViewModel.swift in Sources */ = {isa = PBXBuildFile; fileRef = D68FD6672CB7D0AA00CD508D /* GameViewModel.swift */; };
		D68FD66A2CB810FA00CD508D /* GameView.swift in Sources */ = {isa = PBXBuildFile; fileRef = D68FD6692CB810FA00CD508D /* GameView.swift */; };
		D68FD66D2CB815D100CD508D /* GameSuccess.swift in Sources */ = {isa = PBXBuildFile; fileRef = D68FD66C2CB815D100CD508D /* GameSuccess.swift */; };
		D68FD66F2CB818E800CD508D /* ScreenSizeHelper.swift in Sources */ = {isa = PBXBuildFile; fileRef = D68FD66E2CB818E800CD508D /* ScreenSizeHelper.swift */; };
		D694E7EE2C8364C500D0649E /* TutorialIntroBullets.swift in Sources */ = {isa = PBXBuildFile; fileRef = D694E7ED2C8364C500D0649E /* TutorialIntroBullets.swift */; };
		D694E7F02C8364E100D0649E /* TutorialBullet.swift in Sources */ = {isa = PBXBuildFile; fileRef = D694E7EF2C8364E100D0649E /* TutorialBullet.swift */; };
		D694E7F22C8378EA00D0649E /* TutorialErrorRows.swift in Sources */ = {isa = PBXBuildFile; fileRef = D694E7F12C8378EA00D0649E /* TutorialErrorRows.swift */; };
		D694E7F42C837BA800D0649E /* TutorialBulletsExample.swift in Sources */ = {isa = PBXBuildFile; fileRef = D694E7F32C837BA800D0649E /* TutorialBulletsExample.swift */; };
		D694E7F62C837DB700D0649E /* TutorialExampleDescription.swift in Sources */ = {isa = PBXBuildFile; fileRef = D694E7F52C837DB700D0649E /* TutorialExampleDescription.swift */; };
		D694E7F92C837F7A00D0649E /* GameDifficultyColorsHelper.swift in Sources */ = {isa = PBXBuildFile; fileRef = D694E7F82C837F7A00D0649E /* GameDifficultyColorsHelper.swift */; };
		D694E7FB2C83850100D0649E /* TutorialDifficultyGraph.swift in Sources */ = {isa = PBXBuildFile; fileRef = D694E7FA2C83850100D0649E /* TutorialDifficultyGraph.swift */; };
		D69D254E2CD10B1E007D3496 /* Router.swift in Sources */ = {isa = PBXBuildFile; fileRef = D69D254D2CD10B1E007D3496 /* Router.swift */; };
		D69D25502CD10CA2007D3496 /* LevelsEvents.swift in Sources */ = {isa = PBXBuildFile; fileRef = D69D254F2CD10CA2007D3496 /* LevelsEvents.swift */; };
		D69D25532CD1114E007D3496 /* MockAddView.swift in Sources */ = {isa = PBXBuildFile; fileRef = D69D25522CD1114E007D3496 /* MockAddView.swift */; };
		D6AF91AB2CB968F30097317C /* GameGrid.swift in Sources */ = {isa = PBXBuildFile; fileRef = D6AF91AA2CB968F30097317C /* GameGrid.swift */; };
		D6AF91AD2CB96BA40097317C /* GameErrors.swift in Sources */ = {isa = PBXBuildFile; fileRef = D6AF91AC2CB96BA40097317C /* GameErrors.swift */; };
		D6AF91AF2CB998930097317C /* GameControls.swift in Sources */ = {isa = PBXBuildFile; fileRef = D6AF91AE2CB998930097317C /* GameControls.swift */; };
		D6AF91B12CB99C260097317C /* GameDoneState.swift in Sources */ = {isa = PBXBuildFile; fileRef = D6AF91B02CB99C260097317C /* GameDoneState.swift */; };
		D6AF91B52CB9A05D0097317C /* GameDoneLives.swift in Sources */ = {isa = PBXBuildFile; fileRef = D6AF91B42CB9A05D0097317C /* GameDoneLives.swift */; };
		D6C8774A2C84C0F400C7E380 /* StatsTotalBars.swift in Sources */ = {isa = PBXBuildFile; fileRef = D6C877492C84C0F400C7E380 /* StatsTotalBars.swift */; };
		D6C8774C2C84C73400C7E380 /* StatsWinLostTotalLabel.swift in Sources */ = {isa = PBXBuildFile; fileRef = D6C8774B2C84C73400C7E380 /* StatsWinLostTotalLabel.swift */; };
		D6C8774E2C84CD6800C7E380 /* StatsDistributionBars.swift in Sources */ = {isa = PBXBuildFile; fileRef = D6C8774D2C84CD6800C7E380 /* StatsDistributionBars.swift */; };
		D6C877502C84D2B600C7E380 /* AppbarState.swift in Sources */ = {isa = PBXBuildFile; fileRef = D6C8774F2C84D2B600C7E380 /* AppbarState.swift */; };
		D6C877522C84D2DC00C7E380 /* StatsState.swift in Sources */ = {isa = PBXBuildFile; fileRef = D6C877512C84D2DC00C7E380 /* StatsState.swift */; };
		D6CD362B2C803B7200181C4E /* Stats.swift in Sources */ = {isa = PBXBuildFile; fileRef = D6CD362A2C803B7200181C4E /* Stats.swift */; };
		D6CD362D2C803B8300181C4E /* StatsViewModel.swift in Sources */ = {isa = PBXBuildFile; fileRef = D6CD362C2C803B8300181C4E /* StatsViewModel.swift */; };
		D6D2BFC12C7D1E0B00E42033 /* Appbar.swift in Sources */ = {isa = PBXBuildFile; fileRef = D6D2BFC02C7D1E0B00E42033 /* Appbar.swift */; };
		D6D2BFC32C7D1E3A00E42033 /* AppbarViewModel.swift in Sources */ = {isa = PBXBuildFile; fileRef = D6D2BFC22C7D1E3A00E42033 /* AppbarViewModel.swift */; };
		D6F201DD2C8236BD00321079 /* CSheet.swift in Sources */ = {isa = PBXBuildFile; fileRef = D6F201DC2C8236BD00321079 /* CSheet.swift */; };
		D6F201DF2C823D3600321079 /* CUIContracts.swift in Sources */ = {isa = PBXBuildFile; fileRef = D6F201DE2C823D3600321079 /* CUIContracts.swift */; };
		D6F87BE62C85D1C400DC9453 /* Lives.swift in Sources */ = {isa = PBXBuildFile; fileRef = D6F87BE52C85D1C400DC9453 /* Lives.swift */; };
		D6F87BE82C85D46300DC9453 /* LivesViewModel.swift in Sources */ = {isa = PBXBuildFile; fileRef = D6F87BE72C85D46300DC9453 /* LivesViewModel.swift */; };
		D6F87BEA2C85D8C700DC9453 /* LivesState.swift in Sources */ = {isa = PBXBuildFile; fileRef = D6F87BE92C85D8C700DC9453 /* LivesState.swift */; };
		D6FB452D2C00A26A00688CBD /* LuimaLibBattery.swift in Sources */ = {isa = PBXBuildFile; fileRef = D6FB452C2C00A26A00688CBD /* LuimaLibBattery.swift */; };
		D6FB452F2C00A38000688CBD /* CColors.swift in Sources */ = {isa = PBXBuildFile; fileRef = D6FB452E2C00A38000688CBD /* CColors.swift */; };
		D6FB45312C00A56A00688CBD /* CThemeColors.swift in Sources */ = {isa = PBXBuildFile; fileRef = D6FB45302C00A56A00688CBD /* CThemeColors.swift */; };
		D6FB45342C00A5CB00688CBD /* CColorsHelper.swift in Sources */ = {isa = PBXBuildFile; fileRef = D6FB45332C00A5CB00688CBD /* CColorsHelper.swift */; };
		D6FB45482C00AC4800688CBD /* CText.swift in Sources */ = {isa = PBXBuildFile; fileRef = D6FB45472C00AC4800688CBD /* CText.swift */; };
		D6FB454A2C00AC6200688CBD /* CFont.swift in Sources */ = {isa = PBXBuildFile; fileRef = D6FB45492C00AC6200688CBD /* CFont.swift */; };
/* End PBXBuildFile section */

/* Begin PBXFileReference section */
		058557BA273AAA24004C7B11 /* Assets.xcassets */ = {isa = PBXFileReference; lastKnownFileType = folder.assetcatalog; path = Assets.xcassets; sourceTree = "<group>"; };
		058557D8273AAEEB004C7B11 /* Preview Assets.xcassets */ = {isa = PBXFileReference; lastKnownFileType = folder.assetcatalog; path = "Preview Assets.xcassets"; sourceTree = "<group>"; };
		083BAFEB836DAB822D854B55 /* Pods-iosApp.debug.xcconfig */ = {isa = PBXFileReference; includeInIndex = 1; lastKnownFileType = text.xcconfig; name = "Pods-iosApp.debug.xcconfig"; path = "Target Support Files/Pods-iosApp/Pods-iosApp.debug.xcconfig"; sourceTree = "<group>"; };
		2152FB032600AC8F00CF470E /* iOSApp.swift */ = {isa = PBXFileReference; lastKnownFileType = sourcecode.swift; path = iOSApp.swift; sourceTree = "<group>"; };
		41F640FE8EE6B1A87DA0C193 /* Pods_iosApp.framework */ = {isa = PBXFileReference; explicitFileType = wrapper.framework; includeInIndex = 0; path = Pods_iosApp.framework; sourceTree = BUILT_PRODUCTS_DIR; };
		7555FF7B242A565900829871 /* iosApp.app */ = {isa = PBXFileReference; explicitFileType = wrapper.application; includeInIndex = 0; path = iosApp.app; sourceTree = BUILT_PRODUCTS_DIR; };
		7555FF82242A565900829871 /* ContentView.swift */ = {isa = PBXFileReference; lastKnownFileType = sourcecode.swift; path = ContentView.swift; sourceTree = "<group>"; };
		7555FF8C242A565B00829871 /* Info.plist */ = {isa = PBXFileReference; lastKnownFileType = text.plist.xml; path = Info.plist; sourceTree = "<group>"; };
		A7DD3C5904F5B1DFB19BC252 /* Pods-iosApp.release.xcconfig */ = {isa = PBXFileReference; includeInIndex = 1; lastKnownFileType = text.xcconfig; name = "Pods-iosApp.release.xcconfig"; path = "Target Support Files/Pods-iosApp/Pods-iosApp.release.xcconfig"; sourceTree = "<group>"; };
		D62456812C733A130036D676 /* Levels.swift */ = {isa = PBXFileReference; lastKnownFileType = sourcecode.swift; path = Levels.swift; sourceTree = "<group>"; };
		D62456832C733AF20036D676 /* LevelCard.swift */ = {isa = PBXFileReference; lastKnownFileType = sourcecode.swift; path = LevelCard.swift; sourceTree = "<group>"; };
		D63C45612C8230530038856A /* Tutorial.swift */ = {isa = PBXFileReference; lastKnownFileType = sourcecode.swift; path = Tutorial.swift; sourceTree = "<group>"; };
		D640DBF62C75349A008A41AF /* CButton.swift */ = {isa = PBXFileReference; lastKnownFileType = sourcecode.swift; path = CButton.swift; sourceTree = "<group>"; };
		D64548BC2C73C1FC003A93F7 /* Localizable.xcstrings */ = {isa = PBXFileReference; lastKnownFileType = text.json.xcstrings; path = Localizable.xcstrings; sourceTree = "<group>"; };
		D646D62A2CCAB2DC00D39369 /* GameDoneMoreLives.swift */ = {isa = PBXFileReference; lastKnownFileType = sourcecode.swift; path = GameDoneMoreLives.swift; sourceTree = "<group>"; };
		D64711352C784D560012BC9C /* CLogo.swift */ = {isa = PBXFileReference; lastKnownFileType = sourcecode.swift; path = CLogo.swift; sourceTree = "<group>"; };
		D64711372C784DBB0012BC9C /* CLoader.swift */ = {isa = PBXFileReference; lastKnownFileType = sourcecode.swift; path = CLoader.swift; sourceTree = "<group>"; };
		D64C34DA2C7341740093603A /* RippleButton.swift */ = {isa = PBXFileReference; lastKnownFileType = sourcecode.swift; path = RippleButton.swift; sourceTree = "<group>"; };
		D64F969A2C049A070033BA2F /* CIcon.swift */ = {isa = PBXFileReference; lastKnownFileType = sourcecode.swift; path = CIcon.swift; sourceTree = "<group>"; };
		D65667CB2C7DAF3400BD2F1C /* AppbarLives.swift */ = {isa = PBXFileReference; lastKnownFileType = sourcecode.swift; path = AppbarLives.swift; sourceTree = "<group>"; };
		D659A72A2C779DB5000B6818 /* LevelFloatingButton.swift */ = {isa = PBXFileReference; lastKnownFileType = sourcecode.swift; path = LevelFloatingButton.swift; sourceTree = "<group>"; };
		D659A72C2C77A02F000B6818 /* LevelsState.swift */ = {isa = PBXFileReference; lastKnownFileType = sourcecode.swift; path = LevelsState.swift; sourceTree = "<group>"; };
		D659A72E2C77A1A9000B6818 /* LevelsViewModel.swift */ = {isa = PBXFileReference; lastKnownFileType = sourcecode.swift; path = LevelsViewModel.swift; sourceTree = "<group>"; };
		D65BC7E72CB6A982005E709F /* WordCard.swift */ = {isa = PBXFileReference; lastKnownFileType = sourcecode.swift; path = WordCard.swift; sourceTree = "<group>"; };
		D65BC7E92CB6AB25005E709F /* GameCardsContracts.swift */ = {isa = PBXFileReference; lastKnownFileType = sourcecode.swift; path = GameCardsContracts.swift; sourceTree = "<group>"; };
		D65BC7EB2CB6C6E7005E709F /* GuessedCard.swift */ = {isa = PBXFileReference; lastKnownFileType = sourcecode.swift; path = GuessedCard.swift; sourceTree = "<group>"; };
		D65BC7ED2CB6CDE2005E709F /* CTryChip.swift */ = {isa = PBXFileReference; lastKnownFileType = sourcecode.swift; path = CTryChip.swift; sourceTree = "<group>"; };
		D665E3962C00C38B0027F4D8 /* CeraRoundProBold.otf */ = {isa = PBXFileReference; lastKnownFileType = file; path = CeraRoundProBold.otf; sourceTree = "<group>"; };
		D665E3972C00C38B0027F4D8 /* CeraRoundProMedium.otf */ = {isa = PBXFileReference; lastKnownFileType = file; path = CeraRoundProMedium.otf; sourceTree = "<group>"; };
		D665E3982C00C38B0027F4D8 /* CeraRoundProRegular.otf */ = {isa = PBXFileReference; lastKnownFileType = file; path = CeraRoundProRegular.otf; sourceTree = "<group>"; };
		D668582C2C7A196F00A27F27 /* LevelsGrid.swift */ = {isa = PBXFileReference; lastKnownFileType = sourcecode.swift; path = LevelsGrid.swift; sourceTree = "<group>"; };
		D67432A92CB91EF900C3668A /* GameTitle.swift */ = {isa = PBXFileReference; lastKnownFileType = sourcecode.swift; path = GameTitle.swift; sourceTree = "<group>"; };
		D68A303D2CCA331D0027D40E /* GameViewState.swift */ = {isa = PBXFileReference; lastKnownFileType = sourcecode.swift; path = GameViewState.swift; sourceTree = "<group>"; };
		D68A303F2CCA33400027D40E /* GameViewEvents.swift */ = {isa = PBXFileReference; lastKnownFileType = sourcecode.swift; path = GameViewEvents.swift; sourceTree = "<group>"; };
		D68FD6672CB7D0AA00CD508D /* GameViewModel.swift */ = {isa = PBXFileReference; lastKnownFileType = sourcecode.swift; path = GameViewModel.swift; sourceTree = "<group>"; };
		D68FD6692CB810FA00CD508D /* GameView.swift */ = {isa = PBXFileReference; lastKnownFileType = sourcecode.swift; path = GameView.swift; sourceTree = "<group>"; };
		D68FD66C2CB815D100CD508D /* GameSuccess.swift */ = {isa = PBXFileReference; lastKnownFileType = sourcecode.swift; path = GameSuccess.swift; sourceTree = "<group>"; };
		D68FD66E2CB818E800CD508D /* ScreenSizeHelper.swift */ = {isa = PBXFileReference; lastKnownFileType = sourcecode.swift; path = ScreenSizeHelper.swift; sourceTree = "<group>"; };
		D694E7ED2C8364C500D0649E /* TutorialIntroBullets.swift */ = {isa = PBXFileReference; lastKnownFileType = sourcecode.swift; path = TutorialIntroBullets.swift; sourceTree = "<group>"; };
		D694E7EF2C8364E100D0649E /* TutorialBullet.swift */ = {isa = PBXFileReference; lastKnownFileType = sourcecode.swift; path = TutorialBullet.swift; sourceTree = "<group>"; };
		D694E7F12C8378EA00D0649E /* TutorialErrorRows.swift */ = {isa = PBXFileReference; lastKnownFileType = sourcecode.swift; path = TutorialErrorRows.swift; sourceTree = "<group>"; };
		D694E7F32C837BA800D0649E /* TutorialBulletsExample.swift */ = {isa = PBXFileReference; lastKnownFileType = sourcecode.swift; path = TutorialBulletsExample.swift; sourceTree = "<group>"; };
		D694E7F52C837DB700D0649E /* TutorialExampleDescription.swift */ = {isa = PBXFileReference; lastKnownFileType = sourcecode.swift; path = TutorialExampleDescription.swift; sourceTree = "<group>"; };
		D694E7F82C837F7A00D0649E /* GameDifficultyColorsHelper.swift */ = {isa = PBXFileReference; lastKnownFileType = sourcecode.swift; path = GameDifficultyColorsHelper.swift; sourceTree = "<group>"; };
		D694E7FA2C83850100D0649E /* TutorialDifficultyGraph.swift */ = {isa = PBXFileReference; lastKnownFileType = sourcecode.swift; path = TutorialDifficultyGraph.swift; sourceTree = "<group>"; };
		D69D254D2CD10B1E007D3496 /* Router.swift */ = {isa = PBXFileReference; lastKnownFileType = sourcecode.swift; path = Router.swift; sourceTree = "<group>"; };
		D69D254F2CD10CA2007D3496 /* LevelsEvents.swift */ = {isa = PBXFileReference; lastKnownFileType = sourcecode.swift; path = LevelsEvents.swift; sourceTree = "<group>"; };
		D69D25522CD1114E007D3496 /* MockAddView.swift */ = {isa = PBXFileReference; lastKnownFileType = sourcecode.swift; path = MockAddView.swift; sourceTree = "<group>"; };
		D6AF91AA2CB968F30097317C /* GameGrid.swift */ = {isa = PBXFileReference; lastKnownFileType = sourcecode.swift; path = GameGrid.swift; sourceTree = "<group>"; };
		D6AF91AC2CB96BA40097317C /* GameErrors.swift */ = {isa = PBXFileReference; lastKnownFileType = sourcecode.swift; path = GameErrors.swift; sourceTree = "<group>"; };
		D6AF91AE2CB998930097317C /* GameControls.swift */ = {isa = PBXFileReference; lastKnownFileType = sourcecode.swift; path = GameControls.swift; sourceTree = "<group>"; };
		D6AF91B02CB99C260097317C /* GameDoneState.swift */ = {isa = PBXFileReference; lastKnownFileType = sourcecode.swift; path = GameDoneState.swift; sourceTree = "<group>"; };
		D6AF91B42CB9A05D0097317C /* GameDoneLives.swift */ = {isa = PBXFileReference; lastKnownFileType = sourcecode.swift; path = GameDoneLives.swift; sourceTree = "<group>"; };
		D6C877492C84C0F400C7E380 /* StatsTotalBars.swift */ = {isa = PBXFileReference; lastKnownFileType = sourcecode.swift; path = StatsTotalBars.swift; sourceTree = "<group>"; };
		D6C8774B2C84C73400C7E380 /* StatsWinLostTotalLabel.swift */ = {isa = PBXFileReference; lastKnownFileType = sourcecode.swift; path = StatsWinLostTotalLabel.swift; sourceTree = "<group>"; };
		D6C8774D2C84CD6800C7E380 /* StatsDistributionBars.swift */ = {isa = PBXFileReference; lastKnownFileType = sourcecode.swift; path = StatsDistributionBars.swift; sourceTree = "<group>"; };
		D6C8774F2C84D2B600C7E380 /* AppbarState.swift */ = {isa = PBXFileReference; lastKnownFileType = sourcecode.swift; path = AppbarState.swift; sourceTree = "<group>"; };
		D6C877512C84D2DC00C7E380 /* StatsState.swift */ = {isa = PBXFileReference; lastKnownFileType = sourcecode.swift; path = StatsState.swift; sourceTree = "<group>"; };
		D6CD362A2C803B7200181C4E /* Stats.swift */ = {isa = PBXFileReference; lastKnownFileType = sourcecode.swift; path = Stats.swift; sourceTree = "<group>"; };
		D6CD362C2C803B8300181C4E /* StatsViewModel.swift */ = {isa = PBXFileReference; lastKnownFileType = sourcecode.swift; path = StatsViewModel.swift; sourceTree = "<group>"; };
		D6D2BFC02C7D1E0B00E42033 /* Appbar.swift */ = {isa = PBXFileReference; lastKnownFileType = sourcecode.swift; path = Appbar.swift; sourceTree = "<group>"; };
		D6D2BFC22C7D1E3A00E42033 /* AppbarViewModel.swift */ = {isa = PBXFileReference; lastKnownFileType = sourcecode.swift; path = AppbarViewModel.swift; sourceTree = "<group>"; };
		D6F201DC2C8236BD00321079 /* CSheet.swift */ = {isa = PBXFileReference; lastKnownFileType = sourcecode.swift; path = CSheet.swift; sourceTree = "<group>"; };
		D6F201DE2C823D3600321079 /* CUIContracts.swift */ = {isa = PBXFileReference; lastKnownFileType = sourcecode.swift; path = CUIContracts.swift; sourceTree = "<group>"; };
		D6F87BE52C85D1C400DC9453 /* Lives.swift */ = {isa = PBXFileReference; lastKnownFileType = sourcecode.swift; path = Lives.swift; sourceTree = "<group>"; };
		D6F87BE72C85D46300DC9453 /* LivesViewModel.swift */ = {isa = PBXFileReference; lastKnownFileType = sourcecode.swift; path = LivesViewModel.swift; sourceTree = "<group>"; };
		D6F87BE92C85D8C700DC9453 /* LivesState.swift */ = {isa = PBXFileReference; lastKnownFileType = sourcecode.swift; path = LivesState.swift; sourceTree = "<group>"; };
		D6FB452C2C00A26A00688CBD /* LuimaLibBattery.swift */ = {isa = PBXFileReference; lastKnownFileType = sourcecode.swift; path = LuimaLibBattery.swift; sourceTree = "<group>"; };
		D6FB452E2C00A38000688CBD /* CColors.swift */ = {isa = PBXFileReference; lastKnownFileType = sourcecode.swift; path = CColors.swift; sourceTree = "<group>"; };
		D6FB45302C00A56A00688CBD /* CThemeColors.swift */ = {isa = PBXFileReference; lastKnownFileType = sourcecode.swift; path = CThemeColors.swift; sourceTree = "<group>"; };
		D6FB45332C00A5CB00688CBD /* CColorsHelper.swift */ = {isa = PBXFileReference; lastKnownFileType = sourcecode.swift; path = CColorsHelper.swift; sourceTree = "<group>"; };
		D6FB45472C00AC4800688CBD /* CText.swift */ = {isa = PBXFileReference; lastKnownFileType = sourcecode.swift; path = CText.swift; sourceTree = "<group>"; };
		D6FB45492C00AC6200688CBD /* CFont.swift */ = {isa = PBXFileReference; lastKnownFileType = sourcecode.swift; path = CFont.swift; sourceTree = "<group>"; };
/* End PBXFileReference section */

/* Begin PBXFrameworksBuildPhase section */
		14AFD9A8A12A4CBCC1167570 /* Frameworks */ = {
			isa = PBXFrameworksBuildPhase;
			buildActionMask = 2147483647;
			files = (
				5FFE9C688359D4CAE5A54C3B /* Pods_iosApp.framework in Frameworks */,
			);
			runOnlyForDeploymentPostprocessing = 0;
		};
/* End PBXFrameworksBuildPhase section */

/* Begin PBXGroup section */
		058557D7273AAEEB004C7B11 /* Preview Content */ = {
			isa = PBXGroup;
			children = (
				058557D8273AAEEB004C7B11 /* Preview Assets.xcassets */,
			);
			path = "Preview Content";
			sourceTree = "<group>";
		};
		3DD1114C53EC42E902679AAD /* Frameworks */ = {
			isa = PBXGroup;
			children = (
				41F640FE8EE6B1A87DA0C193 /* Pods_iosApp.framework */,
			);
			name = Frameworks;
			sourceTree = "<group>";
		};
		3EB3C76DB20C0946096A8C09 /* Pods */ = {
			isa = PBXGroup;
			children = (
				083BAFEB836DAB822D854B55 /* Pods-iosApp.debug.xcconfig */,
				A7DD3C5904F5B1DFB19BC252 /* Pods-iosApp.release.xcconfig */,
			);
			path = Pods;
			sourceTree = "<group>";
		};
		7555FF72242A565900829871 = {
			isa = PBXGroup;
			children = (
				7555FF7D242A565900829871 /* iosApp */,
				7555FF7C242A565900829871 /* Products */,
				3EB3C76DB20C0946096A8C09 /* Pods */,
				3DD1114C53EC42E902679AAD /* Frameworks */,
			);
			sourceTree = "<group>";
		};
		7555FF7C242A565900829871 /* Products */ = {
			isa = PBXGroup;
			children = (
				7555FF7B242A565900829871 /* iosApp.app */,
			);
			name = Products;
			sourceTree = "<group>";
		};
		7555FF7D242A565900829871 /* iosApp */ = {
			isa = PBXGroup;
			children = (
				D69D254C2CD10B12007D3496 /* Core */,
				D624567D2C7339640036D676 /* Features */,
				D6FB452B2C009AAD00688CBD /* CoreUI */,
				2152FB032600AC8F00CF470E /* iOSApp.swift */,
				7555FF82242A565900829871 /* ContentView.swift */,
				D6FB452C2C00A26A00688CBD /* LuimaLibBattery.swift */,
				058557BA273AAA24004C7B11 /* Assets.xcassets */,
				7555FF8C242A565B00829871 /* Info.plist */,
				058557D7273AAEEB004C7B11 /* Preview Content */,
				D64548BC2C73C1FC003A93F7 /* Localizable.xcstrings */,
			);
			path = iosApp;
			sourceTree = "<group>";
		};
		D624567D2C7339640036D676 /* Features */ = {
			isa = PBXGroup;
			children = (
				D69D25512CD11138007D3496 /* MockAdd */,
				D68FD6662CB7D0A000CD508D /* Game */,
				D6F87BE42C85D1AE00DC9453 /* Lives */,
				D63C45602C82303A0038856A /* Tutorial */,
				D6CD36292C803B6200181C4E /* Stats */,
				D6D2BFBF2C7D1DDE00E42033 /* Appbar */,
				D624567E2C7339A90036D676 /* Levels */,
			);
			path = Features;
			sourceTree = "<group>";
		};
		D624567E2C7339A90036D676 /* Levels */ = {
			isa = PBXGroup;
			children = (
				D668582B2C7A195F00A27F27 /* Components */,
				D62456812C733A130036D676 /* Levels.swift */,
				D659A72C2C77A02F000B6818 /* LevelsState.swift */,
				D659A72E2C77A1A9000B6818 /* LevelsViewModel.swift */,
				D69D254F2CD10CA2007D3496 /* LevelsEvents.swift */,
			);
			path = Levels;
			sourceTree = "<group>";
		};
		D63C45602C82303A0038856A /* Tutorial */ = {
			isa = PBXGroup;
			children = (
				D694E7EC2C8364B300D0649E /* Components */,
				D63C45612C8230530038856A /* Tutorial.swift */,
			);
			path = Tutorial;
			sourceTree = "<group>";
		};
		D65667CA2C7DAF0500BD2F1C /* Components */ = {
			isa = PBXGroup;
			children = (
				D65667CB2C7DAF3400BD2F1C /* AppbarLives.swift */,
			);
			path = Components;
			sourceTree = "<group>";
		};
		D65BC7E62CB6A973005E709F /* GameCards */ = {
			isa = PBXGroup;
			children = (
				D65BC7E72CB6A982005E709F /* WordCard.swift */,
				D65BC7E92CB6AB25005E709F /* GameCardsContracts.swift */,
				D65BC7EB2CB6C6E7005E709F /* GuessedCard.swift */,
			);
			path = GameCards;
			sourceTree = "<group>";
		};
		D668582B2C7A195F00A27F27 /* Components */ = {
			isa = PBXGroup;
			children = (
				D668582C2C7A196F00A27F27 /* LevelsGrid.swift */,
			);
			path = Components;
			sourceTree = "<group>";
		};
		D68FD6662CB7D0A000CD508D /* Game */ = {
			isa = PBXGroup;
			children = (
				D68FD66B2CB815BA00CD508D /* Components */,
				D68FD6692CB810FA00CD508D /* GameView.swift */,
				D68FD6672CB7D0AA00CD508D /* GameViewModel.swift */,
				D68A303D2CCA331D0027D40E /* GameViewState.swift */,
				D68A303F2CCA33400027D40E /* GameViewEvents.swift */,
			);
			path = Game;
			sourceTree = "<group>";
		};
		D68FD66B2CB815BA00CD508D /* Components */ = {
			isa = PBXGroup;
			children = (
				D68FD66C2CB815D100CD508D /* GameSuccess.swift */,
				D67432A92CB91EF900C3668A /* GameTitle.swift */,
				D6AF91AA2CB968F30097317C /* GameGrid.swift */,
				D6AF91AC2CB96BA40097317C /* GameErrors.swift */,
				D6AF91AE2CB998930097317C /* GameControls.swift */,
				D6AF91B02CB99C260097317C /* GameDoneState.swift */,
				D6AF91B42CB9A05D0097317C /* GameDoneLives.swift */,
				D646D62A2CCAB2DC00D39369 /* GameDoneMoreLives.swift */,
			);
			path = Components;
			sourceTree = "<group>";
		};
		D694E7EC2C8364B300D0649E /* Components */ = {
			isa = PBXGroup;
			children = (
				D694E7ED2C8364C500D0649E /* TutorialIntroBullets.swift */,
				D694E7EF2C8364E100D0649E /* TutorialBullet.swift */,
				D694E7F12C8378EA00D0649E /* TutorialErrorRows.swift */,
				D694E7F32C837BA800D0649E /* TutorialBulletsExample.swift */,
				D694E7F52C837DB700D0649E /* TutorialExampleDescription.swift */,
				D694E7FA2C83850100D0649E /* TutorialDifficultyGraph.swift */,
			);
			path = Components;
			sourceTree = "<group>";
		};
		D694E7F72C837F6C00D0649E /* Helpers */ = {
			isa = PBXGroup;
			children = (
				D694E7F82C837F7A00D0649E /* GameDifficultyColorsHelper.swift */,
				D68FD66E2CB818E800CD508D /* ScreenSizeHelper.swift */,
			);
			path = Helpers;
			sourceTree = "<group>";
		};
		D69D254C2CD10B12007D3496 /* Core */ = {
			isa = PBXGroup;
			children = (
				D69D254D2CD10B1E007D3496 /* Router.swift */,
			);
			path = Core;
			sourceTree = "<group>";
		};
		D69D25512CD11138007D3496 /* MockAdd */ = {
			isa = PBXGroup;
			children = (
				D69D25522CD1114E007D3496 /* MockAddView.swift */,
			);
			path = MockAdd;
			sourceTree = "<group>";
		};
		D6C877482C84C0E300C7E380 /* Components */ = {
			isa = PBXGroup;
			children = (
				D6C877492C84C0F400C7E380 /* StatsTotalBars.swift */,
				D6C8774B2C84C73400C7E380 /* StatsWinLostTotalLabel.swift */,
				D6C8774D2C84CD6800C7E380 /* StatsDistributionBars.swift */,
			);
			path = Components;
			sourceTree = "<group>";
		};
		D6CD36292C803B6200181C4E /* Stats */ = {
			isa = PBXGroup;
			children = (
				D6C877482C84C0E300C7E380 /* Components */,
				D6CD362A2C803B7200181C4E /* Stats.swift */,
				D6CD362C2C803B8300181C4E /* StatsViewModel.swift */,
				D6C877512C84D2DC00C7E380 /* StatsState.swift */,
			);
			path = Stats;
			sourceTree = "<group>";
		};
		D6D2BFBF2C7D1DDE00E42033 /* Appbar */ = {
			isa = PBXGroup;
			children = (
				D65667CA2C7DAF0500BD2F1C /* Components */,
				D6D2BFC02C7D1E0B00E42033 /* Appbar.swift */,
				D6D2BFC22C7D1E3A00E42033 /* AppbarViewModel.swift */,
				D6C8774F2C84D2B600C7E380 /* AppbarState.swift */,
			);
			path = Appbar;
			sourceTree = "<group>";
		};
		D6F201DB2C8236A900321079 /* Modifiers */ = {
			isa = PBXGroup;
			children = (
				D6F201DC2C8236BD00321079 /* CSheet.swift */,
			);
			path = Modifiers;
			sourceTree = "<group>";
		};
		D6F87BE42C85D1AE00DC9453 /* Lives */ = {
			isa = PBXGroup;
			children = (
				D6F87BE52C85D1C400DC9453 /* Lives.swift */,
				D6F87BE72C85D46300DC9453 /* LivesViewModel.swift */,
				D6F87BE92C85D8C700DC9453 /* LivesState.swift */,
			);
			path = Lives;
			sourceTree = "<group>";
		};
		D6FB452B2C009AAD00688CBD /* CoreUI */ = {
			isa = PBXGroup;
			children = (
				D694E7F72C837F6C00D0649E /* Helpers */,
				D6F201DB2C8236A900321079 /* Modifiers */,
				D6FB45462C00AC2A00688CBD /* Components */,
				D6FB45392C00AAC300688CBD /* Theme */,
			);
			path = CoreUI;
			sourceTree = "<group>";
		};
		D6FB45322C00A56E00688CBD /* CColors */ = {
			isa = PBXGroup;
			children = (
				D6F201DE2C823D3600321079 /* CUIContracts.swift */,
				D6FB452E2C00A38000688CBD /* CColors.swift */,
				D6FB45302C00A56A00688CBD /* CThemeColors.swift */,
				D6FB45332C00A5CB00688CBD /* CColorsHelper.swift */,
			);
			path = CColors;
			sourceTree = "<group>";
		};
		D6FB45382C00AA6900688CBD /* CFonts */ = {
			isa = PBXGroup;
			children = (
				D665E3962C00C38B0027F4D8 /* CeraRoundProBold.otf */,
				D665E3972C00C38B0027F4D8 /* CeraRoundProMedium.otf */,
				D665E3982C00C38B0027F4D8 /* CeraRoundProRegular.otf */,
				D6FB45492C00AC6200688CBD /* CFont.swift */,
			);
			path = CFonts;
			sourceTree = "<group>";
		};
		D6FB45392C00AAC300688CBD /* Theme */ = {
			isa = PBXGroup;
			children = (
				D6FB45382C00AA6900688CBD /* CFonts */,
				D6FB45322C00A56E00688CBD /* CColors */,
			);
			path = Theme;
			sourceTree = "<group>";
		};
		D6FB45462C00AC2A00688CBD /* Components */ = {
			isa = PBXGroup;
			children = (
				D65BC7E62CB6A973005E709F /* GameCards */,
				D64C34DA2C7341740093603A /* RippleButton.swift */,
				D6FB45472C00AC4800688CBD /* CText.swift */,
				D64F969A2C049A070033BA2F /* CIcon.swift */,
				D62456832C733AF20036D676 /* LevelCard.swift */,
				D640DBF62C75349A008A41AF /* CButton.swift */,
				D659A72A2C779DB5000B6818 /* LevelFloatingButton.swift */,
				D64711352C784D560012BC9C /* CLogo.swift */,
				D64711372C784DBB0012BC9C /* CLoader.swift */,
				D65BC7ED2CB6CDE2005E709F /* CTryChip.swift */,
			);
			path = Components;
			sourceTree = "<group>";
		};
/* End PBXGroup section */

/* Begin PBXNativeTarget section */
		7555FF7A242A565900829871 /* iosApp */ = {
			isa = PBXNativeTarget;
			buildConfigurationList = 7555FFA5242A565B00829871 /* Build configuration list for PBXNativeTarget "iosApp" */;
			buildPhases = (
				71F5D5E9EEF8B5D0C2A2CF42 /* [CP] Check Pods Manifest.lock */,
				7555FF77242A565900829871 /* Sources */,
				7555FF79242A565900829871 /* Resources */,
				14AFD9A8A12A4CBCC1167570 /* Frameworks */,
				A7184EEF68F84215BD87AAA7 /* [CP] Embed Pods Frameworks */,
			);
			buildRules = (
			);
			dependencies = (
			);
			name = iosApp;
			productName = iosApp;
			productReference = 7555FF7B242A565900829871 /* iosApp.app */;
			productType = "com.apple.product-type.application";
		};
/* End PBXNativeTarget section */

/* Begin PBXProject section */
		7555FF73242A565900829871 /* Project object */ = {
			isa = PBXProject;
			attributes = {
				LastSwiftUpdateCheck = 1130;
				LastUpgradeCheck = 1130;
				ORGANIZATIONNAME = orgName;
				TargetAttributes = {
					7555FF7A242A565900829871 = {
						CreatedOnToolsVersion = 11.3.1;
					};
				};
			};
			buildConfigurationList = 7555FF76242A565900829871 /* Build configuration list for PBXProject "iosApp" */;
			compatibilityVersion = "Xcode 9.3";
			developmentRegion = es;
			hasScannedForEncodings = 0;
			knownRegions = (
				en,
				Base,
				es,
			);
			mainGroup = 7555FF72242A565900829871;
			productRefGroup = 7555FF7C242A565900829871 /* Products */;
			projectDirPath = "";
			projectRoot = "";
			targets = (
				7555FF7A242A565900829871 /* iosApp */,
			);
		};
/* End PBXProject section */

/* Begin PBXResourcesBuildPhase section */
		7555FF79242A565900829871 /* Resources */ = {
			isa = PBXResourcesBuildPhase;
			buildActionMask = 2147483647;
			files = (
				058557D9273AAEEB004C7B11 /* Preview Assets.xcassets in Resources */,
				058557BB273AAA24004C7B11 /* Assets.xcassets in Resources */,
				D64548BD2C73C1FC003A93F7 /* Localizable.xcstrings in Resources */,
				D665E39A2C00C38B0027F4D8 /* CeraRoundProMedium.otf in Resources */,
				D665E39B2C00C38B0027F4D8 /* CeraRoundProRegular.otf in Resources */,
				D665E3992C00C38B0027F4D8 /* CeraRoundProBold.otf in Resources */,
			);
			runOnlyForDeploymentPostprocessing = 0;
		};
/* End PBXResourcesBuildPhase section */

/* Begin PBXShellScriptBuildPhase section */
		71F5D5E9EEF8B5D0C2A2CF42 /* [CP] Check Pods Manifest.lock */ = {
			isa = PBXShellScriptBuildPhase;
			buildActionMask = 2147483647;
			files = (
			);
			inputFileListPaths = (
			);
			inputPaths = (
				"${PODS_PODFILE_DIR_PATH}/Podfile.lock",
				"${PODS_ROOT}/Manifest.lock",
			);
			name = "[CP] Check Pods Manifest.lock";
			outputFileListPaths = (
			);
			outputPaths = (
				"$(DERIVED_FILE_DIR)/Pods-iosApp-checkManifestLockResult.txt",
			);
			runOnlyForDeploymentPostprocessing = 0;
			shellPath = /bin/sh;
			shellScript = "diff \"${PODS_PODFILE_DIR_PATH}/Podfile.lock\" \"${PODS_ROOT}/Manifest.lock\" > /dev/null\nif [ $? != 0 ] ; then\n    # print error to STDERR\n    echo \"error: The sandbox is not in sync with the Podfile.lock. Run 'pod install' or update your CocoaPods installation.\" >&2\n    exit 1\nfi\n# This output is used by Xcode 'outputs' to avoid re-running this script phase.\necho \"SUCCESS\" > \"${SCRIPT_OUTPUT_FILE_0}\"\n";
			showEnvVarsInLog = 0;
		};
		A7184EEF68F84215BD87AAA7 /* [CP] Embed Pods Frameworks */ = {
			isa = PBXShellScriptBuildPhase;
			buildActionMask = 2147483647;
			files = (
			);
			inputFileListPaths = (
				"${PODS_ROOT}/Target Support Files/Pods-iosApp/Pods-iosApp-frameworks-${CONFIGURATION}-input-files.xcfilelist",
			);
			name = "[CP] Embed Pods Frameworks";
			outputFileListPaths = (
				"${PODS_ROOT}/Target Support Files/Pods-iosApp/Pods-iosApp-frameworks-${CONFIGURATION}-output-files.xcfilelist",
			);
			runOnlyForDeploymentPostprocessing = 0;
			shellPath = /bin/sh;
			shellScript = "\"${PODS_ROOT}/Target Support Files/Pods-iosApp/Pods-iosApp-frameworks.sh\"\n";
			showEnvVarsInLog = 0;
		};
/* End PBXShellScriptBuildPhase section */

/* Begin PBXSourcesBuildPhase section */
		7555FF77242A565900829871 /* Sources */ = {
			isa = PBXSourcesBuildPhase;
			buildActionMask = 2147483647;
			files = (
				D6C8774A2C84C0F400C7E380 /* StatsTotalBars.swift in Sources */,
				D694E7F02C8364E100D0649E /* TutorialBullet.swift in Sources */,
				D694E7EE2C8364C500D0649E /* TutorialIntroBullets.swift in Sources */,
				D62456822C733A130036D676 /* Levels.swift in Sources */,
				D68FD66F2CB818E800CD508D /* ScreenSizeHelper.swift in Sources */,
				D68A30402CCA33400027D40E /* GameViewEvents.swift in Sources */,
				D6AF91B12CB99C260097317C /* GameDoneState.swift in Sources */,
				D64711362C784D560012BC9C /* CLogo.swift in Sources */,
				D6D2BFC32C7D1E3A00E42033 /* AppbarViewModel.swift in Sources */,
				D65BC7E82CB6A982005E709F /* WordCard.swift in Sources */,
				D694E7F42C837BA800D0649E /* TutorialBulletsExample.swift in Sources */,
				D694E7F22C8378EA00D0649E /* TutorialErrorRows.swift in Sources */,
				D6C877522C84D2DC00C7E380 /* StatsState.swift in Sources */,
				D65BC7EC2CB6C6E7005E709F /* GuessedCard.swift in Sources */,
				D6F87BE62C85D1C400DC9453 /* Lives.swift in Sources */,
				D694E7FB2C83850100D0649E /* TutorialDifficultyGraph.swift in Sources */,
				D69D25532CD1114E007D3496 /* MockAddView.swift in Sources */,
				D6FB454A2C00AC6200688CBD /* CFont.swift in Sources */,
				D659A72D2C77A02F000B6818 /* LevelsState.swift in Sources */,
				D64F969B2C049A070033BA2F /* CIcon.swift in Sources */,
				D68A303E2CCA331D0027D40E /* GameViewState.swift in Sources */,
				D69D25502CD10CA2007D3496 /* LevelsEvents.swift in Sources */,
				D67432AA2CB91EF900C3668A /* GameTitle.swift in Sources */,
				D65667CC2C7DAF3400BD2F1C /* AppbarLives.swift in Sources */,
				2152FB042600AC8F00CF470E /* iOSApp.swift in Sources */,
				D6FB45482C00AC4800688CBD /* CText.swift in Sources */,
				D6FB452F2C00A38000688CBD /* CColors.swift in Sources */,
				D6CD362D2C803B8300181C4E /* StatsViewModel.swift in Sources */,
				D6AF91AF2CB998930097317C /* GameControls.swift in Sources */,
				D6F87BEA2C85D8C700DC9453 /* LivesState.swift in Sources */,
				D659A72F2C77A1AA000B6818 /* LevelsViewModel.swift in Sources */,
				D6C8774C2C84C73400C7E380 /* StatsWinLostTotalLabel.swift in Sources */,
				D68FD66D2CB815D100CD508D /* GameSuccess.swift in Sources */,
				D62456842C733AF20036D676 /* LevelCard.swift in Sources */,
				D6FB452D2C00A26A00688CBD /* LuimaLibBattery.swift in Sources */,
				D68FD6682CB7D0AA00CD508D /* GameViewModel.swift in Sources */,
				D63C45622C8230530038856A /* Tutorial.swift in Sources */,
				D6CD362B2C803B7200181C4E /* Stats.swift in Sources */,
				7555FF83242A565900829871 /* ContentView.swift in Sources */,
				D6F201DF2C823D3600321079 /* CUIContracts.swift in Sources */,
				D640DBF72C75349A008A41AF /* CButton.swift in Sources */,
				D64C34DB2C7341740093603A /* RippleButton.swift in Sources */,
				D668582D2C7A196F00A27F27 /* LevelsGrid.swift in Sources */,
				D64711382C784DBB0012BC9C /* CLoader.swift in Sources */,
				D6AF91AD2CB96BA40097317C /* GameErrors.swift in Sources */,
				D6FB45312C00A56A00688CBD /* CThemeColors.swift in Sources */,
				D6D2BFC12C7D1E0B00E42033 /* Appbar.swift in Sources */,
				D646D62B2CCAB2DC00D39369 /* GameDoneMoreLives.swift in Sources */,
				D6C8774E2C84CD6800C7E380 /* StatsDistributionBars.swift in Sources */,
				D659A72B2C779DB5000B6818 /* LevelFloatingButton.swift in Sources */,
				D6F87BE82C85D46300DC9453 /* LivesViewModel.swift in Sources */,
				D6F201DD2C8236BD00321079 /* CSheet.swift in Sources */,
				D65BC7EA2CB6AB25005E709F /* GameCardsContracts.swift in Sources */,
				D694E7F62C837DB700D0649E /* TutorialExampleDescription.swift in Sources */,
				D69D254E2CD10B1E007D3496 /* Router.swift in Sources */,
				D6C877502C84D2B600C7E380 /* AppbarState.swift in Sources */,
				D6FB45342C00A5CB00688CBD /* CColorsHelper.swift in Sources */,
				D694E7F92C837F7A00D0649E /* GameDifficultyColorsHelper.swift in Sources */,
				D6AF91AB2CB968F30097317C /* GameGrid.swift in Sources */,
				D68FD66A2CB810FA00CD508D /* GameView.swift in Sources */,
				D65BC7EE2CB6CDE2005E709F /* CTryChip.swift in Sources */,
				D6AF91B52CB9A05D0097317C /* GameDoneLives.swift in Sources */,
			);
			runOnlyForDeploymentPostprocessing = 0;
		};
/* End PBXSourcesBuildPhase section */

/* Begin XCBuildConfiguration section */
		7555FFA3242A565B00829871 /* Debug */ = {
			isa = XCBuildConfiguration;
			buildSettings = {
				ALWAYS_SEARCH_USER_PATHS = NO;
				CLANG_ANALYZER_NONNULL = YES;
				CLANG_ANALYZER_NUMBER_OBJECT_CONVERSION = YES_AGGRESSIVE;
				CLANG_CXX_LANGUAGE_STANDARD = "gnu++14";
				CLANG_CXX_LIBRARY = "libc++";
				CLANG_ENABLE_MODULES = YES;
				CLANG_ENABLE_OBJC_ARC = YES;
				CLANG_ENABLE_OBJC_WEAK = YES;
				CLANG_WARN_BLOCK_CAPTURE_AUTORELEASING = YES;
				CLANG_WARN_BOOL_CONVERSION = YES;
				CLANG_WARN_COMMA = YES;
				CLANG_WARN_CONSTANT_CONVERSION = YES;
				CLANG_WARN_DEPRECATED_OBJC_IMPLEMENTATIONS = YES;
				CLANG_WARN_DIRECT_OBJC_ISA_USAGE = YES_ERROR;
				CLANG_WARN_DOCUMENTATION_COMMENTS = YES;
				CLANG_WARN_EMPTY_BODY = YES;
				CLANG_WARN_ENUM_CONVERSION = YES;
				CLANG_WARN_INFINITE_RECURSION = YES;
				CLANG_WARN_INT_CONVERSION = YES;
				CLANG_WARN_NON_LITERAL_NULL_CONVERSION = YES;
				CLANG_WARN_OBJC_IMPLICIT_RETAIN_SELF = YES;
				CLANG_WARN_OBJC_LITERAL_CONVERSION = YES;
				CLANG_WARN_OBJC_ROOT_CLASS = YES_ERROR;
				CLANG_WARN_QUOTED_INCLUDE_IN_FRAMEWORK_HEADER = YES;
				CLANG_WARN_RANGE_LOOP_ANALYSIS = YES;
				CLANG_WARN_STRICT_PROTOTYPES = YES;
				CLANG_WARN_SUSPICIOUS_MOVE = YES;
				CLANG_WARN_UNGUARDED_AVAILABILITY = YES_AGGRESSIVE;
				CLANG_WARN_UNREACHABLE_CODE = YES;
				CLANG_WARN__DUPLICATE_METHOD_MATCH = YES;
				COPY_PHASE_STRIP = NO;
				DEBUG_INFORMATION_FORMAT = "dwarf-with-dsym";
				ENABLE_STRICT_OBJC_MSGSEND = YES;
				ENABLE_TESTABILITY = YES;
				GCC_C_LANGUAGE_STANDARD = gnu11;
				GCC_DYNAMIC_NO_PIC = NO;
				GCC_NO_COMMON_BLOCKS = YES;
				GCC_OPTIMIZATION_LEVEL = 0;
				GCC_PREPROCESSOR_DEFINITIONS = (
					"DEBUG=1",
					"$(inherited)",
				);
				GCC_WARN_64_TO_32_BIT_CONVERSION = YES;
				GCC_WARN_ABOUT_RETURN_TYPE = YES_ERROR;
				GCC_WARN_UNDECLARED_SELECTOR = YES;
				GCC_WARN_UNINITIALIZED_AUTOS = YES_AGGRESSIVE;
				GCC_WARN_UNUSED_FUNCTION = YES;
				GCC_WARN_UNUSED_VARIABLE = YES;
				IPHONEOS_DEPLOYMENT_TARGET = 15.0;
				MTL_ENABLE_DEBUG_INFO = INCLUDE_SOURCE;
				MTL_FAST_MATH = YES;
				ONLY_ACTIVE_ARCH = YES;
				SDKROOT = iphoneos;
				SWIFT_ACTIVE_COMPILATION_CONDITIONS = DEBUG;
				SWIFT_OPTIMIZATION_LEVEL = "-Onone";
			};
			name = Debug;
		};
		7555FFA4242A565B00829871 /* Release */ = {
			isa = XCBuildConfiguration;
			buildSettings = {
				ALWAYS_SEARCH_USER_PATHS = NO;
				CLANG_ANALYZER_NONNULL = YES;
				CLANG_ANALYZER_NUMBER_OBJECT_CONVERSION = YES_AGGRESSIVE;
				CLANG_CXX_LANGUAGE_STANDARD = "gnu++14";
				CLANG_CXX_LIBRARY = "libc++";
				CLANG_ENABLE_MODULES = YES;
				CLANG_ENABLE_OBJC_ARC = YES;
				CLANG_ENABLE_OBJC_WEAK = YES;
				CLANG_WARN_BLOCK_CAPTURE_AUTORELEASING = YES;
				CLANG_WARN_BOOL_CONVERSION = YES;
				CLANG_WARN_COMMA = YES;
				CLANG_WARN_CONSTANT_CONVERSION = YES;
				CLANG_WARN_DEPRECATED_OBJC_IMPLEMENTATIONS = YES;
				CLANG_WARN_DIRECT_OBJC_ISA_USAGE = YES_ERROR;
				CLANG_WARN_DOCUMENTATION_COMMENTS = YES;
				CLANG_WARN_EMPTY_BODY = YES;
				CLANG_WARN_ENUM_CONVERSION = YES;
				CLANG_WARN_INFINITE_RECURSION = YES;
				CLANG_WARN_INT_CONVERSION = YES;
				CLANG_WARN_NON_LITERAL_NULL_CONVERSION = YES;
				CLANG_WARN_OBJC_IMPLICIT_RETAIN_SELF = YES;
				CLANG_WARN_OBJC_LITERAL_CONVERSION = YES;
				CLANG_WARN_OBJC_ROOT_CLASS = YES_ERROR;
				CLANG_WARN_QUOTED_INCLUDE_IN_FRAMEWORK_HEADER = YES;
				CLANG_WARN_RANGE_LOOP_ANALYSIS = YES;
				CLANG_WARN_STRICT_PROTOTYPES = YES;
				CLANG_WARN_SUSPICIOUS_MOVE = YES;
				CLANG_WARN_UNGUARDED_AVAILABILITY = YES_AGGRESSIVE;
				CLANG_WARN_UNREACHABLE_CODE = YES;
				CLANG_WARN__DUPLICATE_METHOD_MATCH = YES;
				COPY_PHASE_STRIP = NO;
				DEBUG_INFORMATION_FORMAT = "dwarf-with-dsym";
				ENABLE_NS_ASSERTIONS = NO;
				ENABLE_STRICT_OBJC_MSGSEND = YES;
				GCC_C_LANGUAGE_STANDARD = gnu11;
				GCC_NO_COMMON_BLOCKS = YES;
				GCC_WARN_64_TO_32_BIT_CONVERSION = YES;
				GCC_WARN_ABOUT_RETURN_TYPE = YES_ERROR;
				GCC_WARN_UNDECLARED_SELECTOR = YES;
				GCC_WARN_UNINITIALIZED_AUTOS = YES_AGGRESSIVE;
				GCC_WARN_UNUSED_FUNCTION = YES;
				GCC_WARN_UNUSED_VARIABLE = YES;
				IPHONEOS_DEPLOYMENT_TARGET = 15.0;
				MTL_ENABLE_DEBUG_INFO = NO;
				MTL_FAST_MATH = YES;
				SDKROOT = iphoneos;
				SWIFT_COMPILATION_MODE = wholemodule;
				SWIFT_OPTIMIZATION_LEVEL = "-O";
				VALIDATE_PRODUCT = YES;
			};
			name = Release;
		};
		7555FFA6242A565B00829871 /* Debug */ = {
			isa = XCBuildConfiguration;
			baseConfigurationReference = 083BAFEB836DAB822D854B55 /* Pods-iosApp.debug.xcconfig */;
			buildSettings = {
				ASSETCATALOG_COMPILER_APPICON_NAME = AppIcon;
				CODE_SIGN_IDENTITY = "Apple Development";
				CODE_SIGN_STYLE = Automatic;
				DEVELOPMENT_ASSET_PATHS = "\"iosApp/Preview Content\"";
				DEVELOPMENT_TEAM = 9X64Y4S84A;
				ENABLE_PREVIEWS = YES;
				INFOPLIST_FILE = iosApp/Info.plist;
				IPHONEOS_DEPLOYMENT_TARGET = 15.0;
				LD_RUNPATH_SEARCH_PATHS = (
					"$(inherited)",
					"@executable_path/Frameworks",
				);
				OTHER_LDFLAGS = (
					"$(inherited)",
					"-ObjC",
					"-l\"c++\"",
					"-framework",
					"\"LuismaLib\"",
					"-framework",
					"\"shared\"",
					"-lsqlite3",
				);
				PRODUCT_BUNDLE_IDENTIFIER = luisma.iosApp;
				PRODUCT_NAME = "$(TARGET_NAME)";
				PROVISIONING_PROFILE_SPECIFIER = "";
				SWIFT_VERSION = 5.0;
				TARGETED_DEVICE_FAMILY = "1,2";
			};
			name = Debug;
		};
		7555FFA7242A565B00829871 /* Release */ = {
			isa = XCBuildConfiguration;
			baseConfigurationReference = A7DD3C5904F5B1DFB19BC252 /* Pods-iosApp.release.xcconfig */;
			buildSettings = {
				ASSETCATALOG_COMPILER_APPICON_NAME = AppIcon;
				CODE_SIGN_IDENTITY = "Apple Development";
				CODE_SIGN_STYLE = Automatic;
				DEVELOPMENT_ASSET_PATHS = "\"iosApp/Preview Content\"";
				DEVELOPMENT_TEAM = 9X64Y4S84A;
				ENABLE_PREVIEWS = YES;
				INFOPLIST_FILE = iosApp/Info.plist;
				IPHONEOS_DEPLOYMENT_TARGET = 15.0;
				LD_RUNPATH_SEARCH_PATHS = (
					"$(inherited)",
					"@executable_path/Frameworks",
				);
				OTHER_LDFLAGS = (
					"$(inherited)",
					"-ObjC",
					"-l\"c++\"",
					"-framework",
					"\"LuismaLib\"",
					"-framework",
					"\"shared\"",
					"-lsqlite3",
				);
				PRODUCT_BUNDLE_IDENTIFIER = luisma.iosApp;
				PRODUCT_NAME = "$(TARGET_NAME)";
				PROVISIONING_PROFILE_SPECIFIER = "";
				SWIFT_VERSION = 5.0;
				TARGETED_DEVICE_FAMILY = "1,2";
			};
			name = Release;
		};
/* End XCBuildConfiguration section */

/* Begin XCConfigurationList section */
		7555FF76242A565900829871 /* Build configuration list for PBXProject "iosApp" */ = {
			isa = XCConfigurationList;
			buildConfigurations = (
				7555FFA3242A565B00829871 /* Debug */,
				7555FFA4242A565B00829871 /* Release */,
			);
			defaultConfigurationIsVisible = 0;
			defaultConfigurationName = Release;
		};
		7555FFA5242A565B00829871 /* Build configuration list for PBXNativeTarget "iosApp" */ = {
			isa = XCConfigurationList;
			buildConfigurations = (
				7555FFA6242A565B00829871 /* Debug */,
				7555FFA7242A565B00829871 /* Release */,
			);
			defaultConfigurationIsVisible = 0;
			defaultConfigurationName = Release;
		};
/* End XCConfigurationList section */
	};
	rootObject = 7555FF73242A565900829871 /* Project object */;
}
